// !$*UTF8*$!
{
	archiveVersion = 1;
	classes = {
	};
	objectVersion = 50;
	objects = {

/* Begin PBXBuildFile section */
		09080BEF266CCD2B00C9B25B /* ProductService.swift in Sources */ = {isa = PBXBuildFile; fileRef = 09080BEE266CCD2B00C9B25B /* ProductService.swift */; };
		09080BF1266CD02400C9B25B /* ServicesAssembly.swift in Sources */ = {isa = PBXBuildFile; fileRef = 09080BF0266CD02400C9B25B /* ServicesAssembly.swift */; };
		09080BF3266CD42200C9B25B /* FastPaymentService.swift in Sources */ = {isa = PBXBuildFile; fileRef = 09080BF2266CD42200C9B25B /* FastPaymentService.swift */; };
		09080BF5266CEBF000C9B25B /* MoneyService.swift in Sources */ = {isa = PBXBuildFile; fileRef = 09080BF4266CEBF000C9B25B /* MoneyService.swift */; };
		09ADAD6626402D4500054D63 /* main.swift in Sources */ = {isa = PBXBuildFile; fileRef = 09ADAD6526402D4500054D63 /* main.swift */; };
		09ADAD7026402D7800054D63 /* Storage.swift in Sources */ = {isa = PBXBuildFile; fileRef = 09ADAD6F26402D7800054D63 /* Storage.swift */; };
		09ADAD7226402D8B00054D63 /* StorageAssembly.swift in Sources */ = {isa = PBXBuildFile; fileRef = 09ADAD7126402D8B00054D63 /* StorageAssembly.swift */; };
		09ADAD7426402D9800054D63 /* Bank.swift in Sources */ = {isa = PBXBuildFile; fileRef = 09ADAD7326402D9800054D63 /* Bank.swift */; };
		09ADAD7626402DAB00054D63 /* BankAssembly.swift in Sources */ = {isa = PBXBuildFile; fileRef = 09ADAD7526402DAB00054D63 /* BankAssembly.swift */; };
		09ADAD7926402FFC00054D63 /* User.swift in Sources */ = {isa = PBXBuildFile; fileRef = 09ADAD7826402FFC00054D63 /* User.swift */; };
		09ADAD7C2640309C00054D63 /* Product.swift in Sources */ = {isa = PBXBuildFile; fileRef = 09ADAD7B2640309C00054D63 /* Product.swift */; };
		09DCFCCE2652F55C007658E5 /* ProductStorage.swift in Sources */ = {isa = PBXBuildFile; fileRef = 09DCFCCD2652F55C007658E5 /* ProductStorage.swift */; };
		09DCFCD02652F568007658E5 /* UserStorage.swift in Sources */ = {isa = PBXBuildFile; fileRef = 09DCFCCF2652F568007658E5 /* UserStorage.swift */; };
		D1010960267F5AAD00B2E95D /* Generics.swift in Sources */ = {isa = PBXBuildFile; fileRef = D101095F267F5AAD00B2E95D /* Generics.swift */; };
		D1B1115A267F502B003060EE /* SettingsService.swift in Sources */ = {isa = PBXBuildFile; fileRef = D1B11159267F502B003060EE /* SettingsService.swift */; };
/* End PBXBuildFile section */

/* Begin PBXCopyFilesBuildPhase section */
		09ADAD6026402D4500054D63 /* CopyFiles */ = {
			isa = PBXCopyFilesBuildPhase;
			buildActionMask = 2147483647;
			dstPath = /usr/share/man/man1/;
			dstSubfolderSpec = 0;
			files = (
			);
			runOnlyForDeploymentPostprocessing = 1;
		};
/* End PBXCopyFilesBuildPhase section */

/* Begin PBXFileReference section */
		09080BEE266CCD2B00C9B25B /* ProductService.swift */ = {isa = PBXFileReference; lastKnownFileType = sourcecode.swift; path = ProductService.swift; sourceTree = "<group>"; };
		09080BF0266CD02400C9B25B /* ServicesAssembly.swift */ = {isa = PBXFileReference; lastKnownFileType = sourcecode.swift; path = ServicesAssembly.swift; sourceTree = "<group>"; };
		09080BF2266CD42200C9B25B /* FastPaymentService.swift */ = {isa = PBXFileReference; lastKnownFileType = sourcecode.swift; path = FastPaymentService.swift; sourceTree = "<group>"; };
		09080BF4266CEBF000C9B25B /* MoneyService.swift */ = {isa = PBXFileReference; lastKnownFileType = sourcecode.swift; path = MoneyService.swift; sourceTree = "<group>"; };
		09ADAD6226402D4500054D63 /* bank */ = {isa = PBXFileReference; explicitFileType = "compiled.mach-o.executable"; includeInIndex = 0; path = bank; sourceTree = BUILT_PRODUCTS_DIR; };
		09ADAD6526402D4500054D63 /* main.swift */ = {isa = PBXFileReference; lastKnownFileType = sourcecode.swift; path = main.swift; sourceTree = "<group>"; };
		09ADAD6F26402D7800054D63 /* Storage.swift */ = {isa = PBXFileReference; lastKnownFileType = sourcecode.swift; path = Storage.swift; sourceTree = "<group>"; };
		09ADAD7126402D8B00054D63 /* StorageAssembly.swift */ = {isa = PBXFileReference; lastKnownFileType = sourcecode.swift; path = StorageAssembly.swift; sourceTree = "<group>"; };
		09ADAD7326402D9800054D63 /* Bank.swift */ = {isa = PBXFileReference; lastKnownFileType = sourcecode.swift; path = Bank.swift; sourceTree = "<group>"; };
		09ADAD7526402DAB00054D63 /* BankAssembly.swift */ = {isa = PBXFileReference; lastKnownFileType = sourcecode.swift; path = BankAssembly.swift; sourceTree = "<group>"; };
		09ADAD7826402FFC00054D63 /* User.swift */ = {isa = PBXFileReference; lastKnownFileType = sourcecode.swift; path = User.swift; sourceTree = "<group>"; };
		09ADAD7B2640309C00054D63 /* Product.swift */ = {isa = PBXFileReference; lastKnownFileType = sourcecode.swift; path = Product.swift; sourceTree = "<group>"; };
		09DCFCCD2652F55C007658E5 /* ProductStorage.swift */ = {isa = PBXFileReference; lastKnownFileType = sourcecode.swift; path = ProductStorage.swift; sourceTree = "<group>"; };
		09DCFCCF2652F568007658E5 /* UserStorage.swift */ = {isa = PBXFileReference; lastKnownFileType = sourcecode.swift; path = UserStorage.swift; sourceTree = "<group>"; };
		D101095F267F5AAD00B2E95D /* Generics.swift */ = {isa = PBXFileReference; lastKnownFileType = sourcecode.swift; path = Generics.swift; sourceTree = "<group>"; };
		D1B11159267F502B003060EE /* SettingsService.swift */ = {isa = PBXFileReference; fileEncoding = 4; lastKnownFileType = sourcecode.swift; name = SettingsService.swift; path = "../../../../../../../ilushaabelkin/Desktop/Академия Swift/Swift/bank/bank/Services/SettingsService.swift"; sourceTree = "<group>"; };
/* End PBXFileReference section */

/* Begin PBXFrameworksBuildPhase section */
		09ADAD5F26402D4500054D63 /* Frameworks */ = {
			isa = PBXFrameworksBuildPhase;
			buildActionMask = 2147483647;
			files = (
			);
			runOnlyForDeploymentPostprocessing = 0;
		};
/* End PBXFrameworksBuildPhase section */

/* Begin PBXGroup section */
		09080BEC266CCCA300C9B25B /* Services */ = {
			isa = PBXGroup;
			children = (
				09080BEE266CCD2B00C9B25B /* ProductService.swift */,
				09080BF0266CD02400C9B25B /* ServicesAssembly.swift */,
				09080BF2266CD42200C9B25B /* FastPaymentService.swift */,
				09080BF4266CEBF000C9B25B /* MoneyService.swift */,
				D1B11159267F502B003060EE /* SettingsService.swift */,
			);
			path = Services;
			sourceTree = "<group>";
		};
		09ADAD5926402D4500054D63 = {
			isa = PBXGroup;
			children = (
				09ADAD6426402D4500054D63 /* bank */,
				09ADAD6326402D4500054D63 /* Products */,
			);
			sourceTree = "<group>";
		};
		09ADAD6326402D4500054D63 /* Products */ = {
			isa = PBXGroup;
			children = (
				09ADAD6226402D4500054D63 /* bank */,
			);
			name = Products;
			sourceTree = "<group>";
		};
		09ADAD6426402D4500054D63 /* bank */ = {
			isa = PBXGroup;
			children = (
				D1010962267F5C9700B2E95D /* Generic */,
				09080BEC266CCCA300C9B25B /* Services */,
				09DCFCCC2652F545007658E5 /* ProductStorage */,
				09DCFCCB2652F530007658E5 /* UserStorage */,
				09ADAD7A2640308C00054D63 /* Product */,
				09ADAD7726402FEE00054D63 /* User */,
				09ADAD6E26402D5D00054D63 /* Storage */,
				09ADAD6C26402D5000054D63 /* Bank */,
				09ADAD6526402D4500054D63 /* main.swift */,
			);
			path = bank;
			sourceTree = "<group>";
		};
		09ADAD6C26402D5000054D63 /* Bank */ = {
			isa = PBXGroup;
			children = (
				09ADAD7326402D9800054D63 /* Bank.swift */,
				09ADAD7526402DAB00054D63 /* BankAssembly.swift */,
			);
			path = Bank;
			sourceTree = "<group>";
		};
		09ADAD6E26402D5D00054D63 /* Storage */ = {
			isa = PBXGroup;
			children = (
				09ADAD6F26402D7800054D63 /* Storage.swift */,
				09ADAD7126402D8B00054D63 /* StorageAssembly.swift */,
			);
			path = Storage;
			sourceTree = "<group>";
		};
		09ADAD7726402FEE00054D63 /* User */ = {
			isa = PBXGroup;
			children = (
				09ADAD7826402FFC00054D63 /* User.swift */,
			);
			path = User;
			sourceTree = "<group>";
		};
		09ADAD7A2640308C00054D63 /* Product */ = {
			isa = PBXGroup;
			children = (
				09ADAD7B2640309C00054D63 /* Product.swift */,
			);
			path = Product;
			sourceTree = "<group>";
		};
		09DCFCCB2652F530007658E5 /* UserStorage */ = {
			isa = PBXGroup;
			children = (
				09DCFCCF2652F568007658E5 /* UserStorage.swift */,
			);
			path = UserStorage;
			sourceTree = "<group>";
		};
		09DCFCCC2652F545007658E5 /* ProductStorage */ = {
			isa = PBXGroup;
			children = (
				09DCFCCD2652F55C007658E5 /* ProductStorage.swift */,
			);
			path = ProductStorage;
			sourceTree = "<group>";
		};
		D1010962267F5C9700B2E95D /* Generic */ = {
			isa = PBXGroup;
			children = (
				D101095F267F5AAD00B2E95D /* Generics.swift */,
			);
			path = Generic;
			sourceTree = "<group>";
		};
/* End PBXGroup section */

/* Begin PBXNativeTarget section */
		09ADAD6126402D4500054D63 /* bank */ = {
			isa = PBXNativeTarget;
			buildConfigurationList = 09ADAD6926402D4500054D63 /* Build configuration list for PBXNativeTarget "bank" */;
			buildPhases = (
				09ADAD5E26402D4500054D63 /* Sources */,
				09ADAD5F26402D4500054D63 /* Frameworks */,
				09ADAD6026402D4500054D63 /* CopyFiles */,
			);
			buildRules = (
			);
			dependencies = (
			);
			name = bank;
			productName = bank;
			productReference = 09ADAD6226402D4500054D63 /* bank */;
			productType = "com.apple.product-type.tool";
		};
/* End PBXNativeTarget section */

/* Begin PBXProject section */
		09ADAD5A26402D4500054D63 /* Project object */ = {
			isa = PBXProject;
			attributes = {
				LastSwiftUpdateCheck = 1250;
				LastUpgradeCheck = 1250;
				TargetAttributes = {
					09ADAD6126402D4500054D63 = {
						CreatedOnToolsVersion = 12.5;
					};
				};
			};
			buildConfigurationList = 09ADAD5D26402D4500054D63 /* Build configuration list for PBXProject "bank" */;
			compatibilityVersion = "Xcode 9.3";
			developmentRegion = en;
			hasScannedForEncodings = 0;
			knownRegions = (
				en,
				Base,
			);
			mainGroup = 09ADAD5926402D4500054D63;
			productRefGroup = 09ADAD6326402D4500054D63 /* Products */;
			projectDirPath = "";
			projectRoot = "";
			targets = (
				09ADAD6126402D4500054D63 /* bank */,
			);
		};
/* End PBXProject section */

/* Begin PBXSourcesBuildPhase section */
		09ADAD5E26402D4500054D63 /* Sources */ = {
			isa = PBXSourcesBuildPhase;
			buildActionMask = 2147483647;
			files = (
				D1B1115A267F502B003060EE /* SettingsService.swift in Sources */,
				09080BEF266CCD2B00C9B25B /* ProductService.swift in Sources */,
				09ADAD6626402D4500054D63 /* main.swift in Sources */,
				09ADAD7426402D9800054D63 /* Bank.swift in Sources */,
				09080BF1266CD02400C9B25B /* ServicesAssembly.swift in Sources */,
				09ADAD7926402FFC00054D63 /* User.swift in Sources */,
				09ADAD7626402DAB00054D63 /* BankAssembly.swift in Sources */,
				09ADAD7026402D7800054D63 /* Storage.swift in Sources */,
				09DCFCD02652F568007658E5 /* UserStorage.swift in Sources */,
				09080BF5266CEBF000C9B25B /* MoneyService.swift in Sources */,
				09080BF3266CD42200C9B25B /* FastPaymentService.swift in Sources */,
				09DCFCCE2652F55C007658E5 /* ProductStorage.swift in Sources */,
				D1010960267F5AAD00B2E95D /* Generics.swift in Sources */,
				09ADAD7226402D8B00054D63 /* StorageAssembly.swift in Sources */,
				09ADAD7C2640309C00054D63 /* Product.swift in Sources */,
			);
			runOnlyForDeploymentPostprocessing = 0;
		};
/* End PBXSourcesBuildPhase section */

/* Begin XCBuildConfiguration section */
		09ADAD6726402D4500054D63 /* Debug */ = {
			isa = XCBuildConfiguration;
			buildSettings = {
				ALWAYS_SEARCH_USER_PATHS = NO;
				CLANG_ANALYZER_NONNULL = YES;
				CLANG_ANALYZER_NUMBER_OBJECT_CONVERSION = YES_AGGRESSIVE;
				CLANG_CXX_LANGUAGE_STANDARD = "gnu++14";
				CLANG_CXX_LIBRARY = "libc++";
				CLANG_ENABLE_MODULES = YES;
				CLANG_ENABLE_OBJC_ARC = YES;
				CLANG_ENABLE_OBJC_WEAK = YES;
				CLANG_WARN_BLOCK_CAPTURE_AUTORELEASING = YES;
				CLANG_WARN_BOOL_CONVERSION = YES;
				CLANG_WARN_COMMA = YES;
				CLANG_WARN_CONSTANT_CONVERSION = YES;
				CLANG_WARN_DEPRECATED_OBJC_IMPLEMENTATIONS = YES;
				CLANG_WARN_DIRECT_OBJC_ISA_USAGE = YES_ERROR;
				CLANG_WARN_DOCUMENTATION_COMMENTS = YES;
				CLANG_WARN_EMPTY_BODY = YES;
				CLANG_WARN_ENUM_CONVERSION = YES;
				CLANG_WARN_INFINITE_RECURSION = YES;
				CLANG_WARN_INT_CONVERSION = YES;
				CLANG_WARN_NON_LITERAL_NULL_CONVERSION = YES;
				CLANG_WARN_OBJC_IMPLICIT_RETAIN_SELF = YES;
				CLANG_WARN_OBJC_LITERAL_CONVERSION = YES;
				CLANG_WARN_OBJC_ROOT_CLASS = YES_ERROR;
				CLANG_WARN_QUOTED_INCLUDE_IN_FRAMEWORK_HEADER = YES;
				CLANG_WARN_RANGE_LOOP_ANALYSIS = YES;
				CLANG_WARN_STRICT_PROTOTYPES = YES;
				CLANG_WARN_SUSPICIOUS_MOVE = YES;
				CLANG_WARN_UNGUARDED_AVAILABILITY = YES_AGGRESSIVE;
				CLANG_WARN_UNREACHABLE_CODE = YES;
				CLANG_WARN__DUPLICATE_METHOD_MATCH = YES;
				COPY_PHASE_STRIP = NO;
				DEBUG_INFORMATION_FORMAT = dwarf;
				ENABLE_STRICT_OBJC_MSGSEND = YES;
				ENABLE_TESTABILITY = YES;
				GCC_C_LANGUAGE_STANDARD = gnu11;
				GCC_DYNAMIC_NO_PIC = NO;
				GCC_NO_COMMON_BLOCKS = YES;
				GCC_OPTIMIZATION_LEVEL = 0;
				GCC_PREPROCESSOR_DEFINITIONS = (
					"DEBUG=1",
					"$(inherited)",
				);
				GCC_WARN_64_TO_32_BIT_CONVERSION = YES;
				GCC_WARN_ABOUT_RETURN_TYPE = YES_ERROR;
				GCC_WARN_UNDECLARED_SELECTOR = YES;
				GCC_WARN_UNINITIALIZED_AUTOS = YES_AGGRESSIVE;
				GCC_WARN_UNUSED_FUNCTION = YES;
				GCC_WARN_UNUSED_VARIABLE = YES;
				MACOSX_DEPLOYMENT_TARGET = 11.3;
				MTL_ENABLE_DEBUG_INFO = INCLUDE_SOURCE;
				MTL_FAST_MATH = YES;
				ONLY_ACTIVE_ARCH = YES;
				SDKROOT = macosx;
				SWIFT_ACTIVE_COMPILATION_CONDITIONS = DEBUG;
				SWIFT_OPTIMIZATION_LEVEL = "-Onone";
			};
			name = Debug;
		};
		09ADAD6826402D4500054D63 /* Release */ = {
			isa = XCBuildConfiguration;
			buildSettings = {
				ALWAYS_SEARCH_USER_PATHS = NO;
				CLANG_ANALYZER_NONNULL = YES;
				CLANG_ANALYZER_NUMBER_OBJECT_CONVERSION = YES_AGGRESSIVE;
				CLANG_CXX_LANGUAGE_STANDARD = "gnu++14";
				CLANG_CXX_LIBRARY = "libc++";
				CLANG_ENABLE_MODULES = YES;
				CLANG_ENABLE_OBJC_ARC = YES;
				CLANG_ENABLE_OBJC_WEAK = YES;
				CLANG_WARN_BLOCK_CAPTURE_AUTORELEASING = YES;
				CLANG_WARN_BOOL_CONVERSION = YES;
				CLANG_WARN_COMMA = YES;
				CLANG_WARN_CONSTANT_CONVERSION = YES;
				CLANG_WARN_DEPRECATED_OBJC_IMPLEMENTATIONS = YES;
				CLANG_WARN_DIRECT_OBJC_ISA_USAGE = YES_ERROR;
				CLANG_WARN_DOCUMENTATION_COMMENTS = YES;
				CLANG_WARN_EMPTY_BODY = YES;
				CLANG_WARN_ENUM_CONVERSION = YES;
				CLANG_WARN_INFINITE_RECURSION = YES;
				CLANG_WARN_INT_CONVERSION = YES;
				CLANG_WARN_NON_LITERAL_NULL_CONVERSION = YES;
				CLANG_WARN_OBJC_IMPLICIT_RETAIN_SELF = YES;
				CLANG_WARN_OBJC_LITERAL_CONVERSION = YES;
				CLANG_WARN_OBJC_ROOT_CLASS = YES_ERROR;
				CLANG_WARN_QUOTED_INCLUDE_IN_FRAMEWORK_HEADER = YES;
				CLANG_WARN_RANGE_LOOP_ANALYSIS = YES;
				CLANG_WARN_STRICT_PROTOTYPES = YES;
				CLANG_WARN_SUSPICIOUS_MOVE = YES;
				CLANG_WARN_UNGUARDED_AVAILABILITY = YES_AGGRESSIVE;
				CLANG_WARN_UNREACHABLE_CODE = YES;
				CLANG_WARN__DUPLICATE_METHOD_MATCH = YES;
				COPY_PHASE_STRIP = NO;
				DEBUG_INFORMATION_FORMAT = "dwarf-with-dsym";
				ENABLE_NS_ASSERTIONS = NO;
				ENABLE_STRICT_OBJC_MSGSEND = YES;
				GCC_C_LANGUAGE_STANDARD = gnu11;
				GCC_NO_COMMON_BLOCKS = YES;
				GCC_WARN_64_TO_32_BIT_CONVERSION = YES;
				GCC_WARN_ABOUT_RETURN_TYPE = YES_ERROR;
				GCC_WARN_UNDECLARED_SELECTOR = YES;
				GCC_WARN_UNINITIALIZED_AUTOS = YES_AGGRESSIVE;
				GCC_WARN_UNUSED_FUNCTION = YES;
				GCC_WARN_UNUSED_VARIABLE = YES;
				MACOSX_DEPLOYMENT_TARGET = 11.3;
				MTL_ENABLE_DEBUG_INFO = NO;
				MTL_FAST_MATH = YES;
				SDKROOT = macosx;
				SWIFT_COMPILATION_MODE = wholemodule;
				SWIFT_OPTIMIZATION_LEVEL = "-O";
			};
			name = Release;
		};
		09ADAD6A26402D4500054D63 /* Debug */ = {
			isa = XCBuildConfiguration;
			buildSettings = {
				CODE_SIGN_STYLE = Automatic;
				PRODUCT_NAME = "$(TARGET_NAME)";
				SWIFT_VERSION = 5.0;
			};
			name = Debug;
		};
		09ADAD6B26402D4500054D63 /* Release */ = {
			isa = XCBuildConfiguration;
			buildSettings = {
				CODE_SIGN_STYLE = Automatic;
				PRODUCT_NAME = "$(TARGET_NAME)";
				SWIFT_VERSION = 5.0;
			};
			name = Release;
		};
/* End XCBuildConfiguration section */

/* Begin XCConfigurationList section */
		09ADAD5D26402D4500054D63 /* Build configuration list for PBXProject "bank" */ = {
			isa = XCConfigurationList;
			buildConfigurations = (
				09ADAD6726402D4500054D63 /* Debug */,
				09ADAD6826402D4500054D63 /* Release */,
			);
			defaultConfigurationIsVisible = 0;
			defaultConfigurationName = Release;
		};
		09ADAD6926402D4500054D63 /* Build configuration list for PBXNativeTarget "bank" */ = {
			isa = XCConfigurationList;
			buildConfigurations = (
				09ADAD6A26402D4500054D63 /* Debug */,
				09ADAD6B26402D4500054D63 /* Release */,
			);
			defaultConfigurationIsVisible = 0;
			defaultConfigurationName = Release;
		};
/* End XCConfigurationList section */
	};
	rootObject = 09ADAD5A26402D4500054D63 /* Project object */;
}
